// !$*UTF8*$!
{
	archiveVersion = 1;
	classes = {
	};
	objectVersion = 46;
	objects = {

/* Begin PBXBuildFile section */
		77057A501B56711800FCE40C /* PanelsController.m in Sources */ = {isa = PBXBuildFile; fileRef = 77057A4F1B56711800FCE40C /* PanelsController.m */; };
		770D6AFC1B5F8776000B16DA /* Foundation.framework in Frameworks */ = {isa = PBXBuildFile; fileRef = 770D6AFB1B5F8776000B16DA /* Foundation.framework */; };
		770D6AFE1B5F87CC000B16DA /* UIKit.framework in Frameworks */ = {isa = PBXBuildFile; fileRef = 770D6AFD1B5F87CC000B16DA /* UIKit.framework */; };
		770D6B001B5F87D1000B16DA /* QuartzCore.framework in Frameworks */ = {isa = PBXBuildFile; fileRef = 770D6AFF1B5F87D1000B16DA /* QuartzCore.framework */; };
		770D6B021B5F87E3000B16DA /* CoreGraphics.framework in Frameworks */ = {isa = PBXBuildFile; fileRef = 770D6B011B5F87E3000B16DA /* CoreGraphics.framework */; };
		770D6B091B5F98B7000B16DA /* UIBarButtonItem+Badge.m in Sources */ = {isa = PBXBuildFile; fileRef = 770D6B061B5F98B7000B16DA /* UIBarButtonItem+Badge.m */; };
		770D6B0A1B5F98B7000B16DA /* UIButton+Badge.m in Sources */ = {isa = PBXBuildFile; fileRef = 770D6B081B5F98B7000B16DA /* UIButton+Badge.m */; };
		7710587F1BD3E8C40010CAD8 /* 2208_2208.png in Resources */ = {isa = PBXBuildFile; fileRef = 7710587E1BD3E8C40010CAD8 /* 2208_2208.png */; };
		771272BD1BC7A72000697807 /* ALSSchlangesans-Black.otf in Resources */ = {isa = PBXBuildFile; fileRef = 771272B81BC7A72000697807 /* ALSSchlangesans-Black.otf */; };
		771272BE1BC7A72000697807 /* ALSSchlangesans-Bold.otf in Resources */ = {isa = PBXBuildFile; fileRef = 771272B91BC7A72000697807 /* ALSSchlangesans-Bold.otf */; };
		771272BF1BC7A72000697807 /* ALSSchlangesans-Light.otf in Resources */ = {isa = PBXBuildFile; fileRef = 771272BA1BC7A72000697807 /* ALSSchlangesans-Light.otf */; };
		771272C01BC7A72000697807 /* ALSSchlangesans-Thin.otf in Resources */ = {isa = PBXBuildFile; fileRef = 771272BB1BC7A72000697807 /* ALSSchlangesans-Thin.otf */; };
		771272C11BC7A72000697807 /* ALSSchlangesans.otf in Resources */ = {isa = PBXBuildFile; fileRef = 771272BC1BC7A72000697807 /* ALSSchlangesans.otf */; };
		7722E6931BDA1E6600C5DA76 /* CalendarViewController.m in Sources */ = {isa = PBXBuildFile; fileRef = 7722E6921BDA1E6600C5DA76 /* CalendarViewController.m */; };
		7722E69E1BDA1F4A00C5DA76 /* GLCalendarDateRange.m in Sources */ = {isa = PBXBuildFile; fileRef = 7722E6961BDA1F4A00C5DA76 /* GLCalendarDateRange.m */; };
		7722E69F1BDA1F4A00C5DA76 /* GLCalendarMonthCoverView.m in Sources */ = {isa = PBXBuildFile; fileRef = 7722E6981BDA1F4A00C5DA76 /* GLCalendarMonthCoverView.m */; };
		7722E6A01BDA1F4A00C5DA76 /* GLCalendarView.m in Sources */ = {isa = PBXBuildFile; fileRef = 7722E69A1BDA1F4A00C5DA76 /* GLCalendarView.m */; };
		7722E6A11BDA1F4A00C5DA76 /* GLCalendarView.xib in Resources */ = {isa = PBXBuildFile; fileRef = 7722E69B1BDA1F4A00C5DA76 /* GLCalendarView.xib */; };
		7722E6A21BDA1F4A00C5DA76 /* GLDateUtils.m in Sources */ = {isa = PBXBuildFile; fileRef = 7722E69D1BDA1F4A00C5DA76 /* GLDateUtils.m */; };
		7722E6B21BDA1FD400C5DA76 /* gl-calendar-magnify-glass.png in Resources */ = {isa = PBXBuildFile; fileRef = 7722E6AC1BDA1FD400C5DA76 /* gl-calendar-magnify-glass.png */; };
		7722E6B31BDA1FD400C5DA76 /* gl-calendar-magnify-glass@2x.png in Resources */ = {isa = PBXBuildFile; fileRef = 7722E6AD1BDA1FD400C5DA76 /* gl-calendar-magnify-glass@2x.png */; };
		7722E6B41BDA1FD400C5DA76 /* gl-calendar-shadow.png in Resources */ = {isa = PBXBuildFile; fileRef = 7722E6AE1BDA1FD400C5DA76 /* gl-calendar-shadow.png */; };
		7722E6B51BDA1FD400C5DA76 /* gl-calendar-shadow@2x.png in Resources */ = {isa = PBXBuildFile; fileRef = 7722E6AF1BDA1FD400C5DA76 /* gl-calendar-shadow@2x.png */; };
		7722E6B61BDA1FD400C5DA76 /* gl-calendar-shadow@3x.png in Resources */ = {isa = PBXBuildFile; fileRef = 7722E6B01BDA1FD400C5DA76 /* gl-calendar-shadow@3x.png */; };
		7722E6BD1BDA1FEF00C5DA76 /* GLCalendarDayCell.m in Sources */ = {isa = PBXBuildFile; fileRef = 7722E6B81BDA1FEF00C5DA76 /* GLCalendarDayCell.m */; };
		7722E6BE1BDA1FEF00C5DA76 /* GLCalendarDayCell.xib in Resources */ = {isa = PBXBuildFile; fileRef = 7722E6B91BDA1FEF00C5DA76 /* GLCalendarDayCell.xib */; };
		7722E6BF1BDA1FEF00C5DA76 /* GLCalendarDayCellBackgroundCover.m in Sources */ = {isa = PBXBuildFile; fileRef = 7722E6BB1BDA1FEF00C5DA76 /* GLCalendarDayCellBackgroundCover.m */; };
		772F2B231BE0EC0B003C0483 /* CoreLocation.framework in Frameworks */ = {isa = PBXBuildFile; fileRef = 772F2B221BE0EC0B003C0483 /* CoreLocation.framework */; };
		773E82311BD26E4E00F57AD1 /* JVFloatLabeledTextField.m in Sources */ = {isa = PBXBuildFile; fileRef = 773E822C1BD26E4E00F57AD1 /* JVFloatLabeledTextField.m */; };
		773E82321BD26E4E00F57AD1 /* JVFloatLabeledTextView.m in Sources */ = {isa = PBXBuildFile; fileRef = 773E822E1BD26E4E00F57AD1 /* JVFloatLabeledTextView.m */; };
		773E82331BD26E4E00F57AD1 /* NSString+TextDirectionality.m in Sources */ = {isa = PBXBuildFile; fileRef = 773E82301BD26E4E00F57AD1 /* NSString+TextDirectionality.m */; };
		7741566D1BCD0D0600DB6EE7 /* LoginViewController.m in Sources */ = {isa = PBXBuildFile; fileRef = 7741566C1BCD0D0600DB6EE7 /* LoginViewController.m */; };
		77522A5F1BD5028F008F5EDF /* RECommonFunctions.m in Sources */ = {isa = PBXBuildFile; fileRef = 77522A541BD5028F008F5EDF /* RECommonFunctions.m */; };
		77522A601BD5028F008F5EDF /* REFrostedContainerViewController.m in Sources */ = {isa = PBXBuildFile; fileRef = 77522A561BD5028F008F5EDF /* REFrostedContainerViewController.m */; };
		77522A611BD5028F008F5EDF /* REFrostedViewController.m in Sources */ = {isa = PBXBuildFile; fileRef = 77522A581BD5028F008F5EDF /* REFrostedViewController.m */; };
		77522A621BD5028F008F5EDF /* UIImage+REFrostedViewController.m in Sources */ = {isa = PBXBuildFile; fileRef = 77522A5A1BD5028F008F5EDF /* UIImage+REFrostedViewController.m */; };
		77522A631BD5028F008F5EDF /* UIView+REFrostedViewController.m in Sources */ = {isa = PBXBuildFile; fileRef = 77522A5C1BD5028F008F5EDF /* UIView+REFrostedViewController.m */; };
		77522A641BD5028F008F5EDF /* UIViewController+REFrostedViewController.m in Sources */ = {isa = PBXBuildFile; fileRef = 77522A5E1BD5028F008F5EDF /* UIViewController+REFrostedViewController.m */; };
		77522A6A1BD507E4008F5EDF /* navbarViewController.m in Sources */ = {isa = PBXBuildFile; fileRef = 77522A691BD507E4008F5EDF /* navbarViewController.m */; };
		77522A6D1BD50864008F5EDF /* dashboardViewController.m in Sources */ = {isa = PBXBuildFile; fileRef = 77522A6C1BD50864008F5EDF /* dashboardViewController.m */; };
		77522A701BD5092A008F5EDF /* MenuViewController.m in Sources */ = {isa = PBXBuildFile; fileRef = 77522A6F1BD5092A008F5EDF /* MenuViewController.m */; };
		77522A751BD65B83008F5EDF /* avatar.jpg in Resources */ = {isa = PBXBuildFile; fileRef = 77522A741BD65B83008F5EDF /* avatar.jpg */; };
		77B77B221BD11D4B00267D94 /* ConfirmViewController.m in Sources */ = {isa = PBXBuildFile; fileRef = 77B77B211BD11D4B00267D94 /* ConfirmViewController.m */; };
		77B77B291BD1399300267D94 /* IHKeyboardAvoiding.m in Sources */ = {isa = PBXBuildFile; fileRef = 77B77B281BD1399300267D94 /* IHKeyboardAvoiding.m */; };
		77BB57371B53F87C0060E181 /* main.m in Sources */ = {isa = PBXBuildFile; fileRef = 77BB57361B53F87C0060E181 /* main.m */; };
		77BB573A1B53F87C0060E181 /* AppDelegate.m in Sources */ = {isa = PBXBuildFile; fileRef = 77BB57391B53F87C0060E181 /* AppDelegate.m */; };
		77BB57401B53F87C0060E181 /* Main.storyboard in Resources */ = {isa = PBXBuildFile; fileRef = 77BB573E1B53F87C0060E181 /* Main.storyboard */; };
		77BB57431B53F87C0060E181 /* TENCAR.xcdatamodeld in Sources */ = {isa = PBXBuildFile; fileRef = 77BB57411B53F87C0060E181 /* TENCAR.xcdatamodeld */; };
		77BB57451B53F87C0060E181 /* Assets.xcassets in Resources */ = {isa = PBXBuildFile; fileRef = 77BB57441B53F87C0060E181 /* Assets.xcassets */; };
		77BB57481B53F87C0060E181 /* LaunchScreen.storyboard in Resources */ = {isa = PBXBuildFile; fileRef = 77BB57461B53F87C0060E181 /* LaunchScreen.storyboard */; };
		77BB57531B53F87D0060E181 /* TENCARTests.m in Sources */ = {isa = PBXBuildFile; fileRef = 77BB57521B53F87D0060E181 /* TENCARTests.m */; };
		77BB575E1B53F87D0060E181 /* TENCARUITests.m in Sources */ = {isa = PBXBuildFile; fileRef = 77BB575D1B53F87D0060E181 /* TENCARUITests.m */; };
		77BD05DB1BCE517600EF648A /* PrivacyViewController.m in Sources */ = {isa = PBXBuildFile; fileRef = 77BD05DA1BCE517600EF648A /* PrivacyViewController.m */; };
		77BD05E91BCF9AE400EF648A /* privacy in Resources */ = {isa = PBXBuildFile; fileRef = 77BD05E81BCF9AE400EF648A /* privacy */; };
		77BD05EC1BCFD16F00EF648A /* RegisterViewController.m in Sources */ = {isa = PBXBuildFile; fileRef = 77BD05EB1BCFD16F00EF648A /* RegisterViewController.m */; };
		77DC48A51BE36E5300DA9514 /* selectCityTableViewController.m in Sources */ = {isa = PBXBuildFile; fileRef = 77DC48A41BE36E5300DA9514 /* selectCityTableViewController.m */; };
		77DC48A81BE3785200DA9514 /* DataClass.m in Sources */ = {isa = PBXBuildFile; fileRef = 77DC48A71BE3785200DA9514 /* DataClass.m */; };
/* End PBXBuildFile section */

/* Begin PBXContainerItemProxy section */
		77BB574F1B53F87D0060E181 /* PBXContainerItemProxy */ = {
			isa = PBXContainerItemProxy;
			containerPortal = 77BB572A1B53F87C0060E181 /* Project object */;
			proxyType = 1;
			remoteGlobalIDString = 77BB57311B53F87C0060E181;
			remoteInfo = TENCAR;
		};
		77BB575A1B53F87D0060E181 /* PBXContainerItemProxy */ = {
			isa = PBXContainerItemProxy;
			containerPortal = 77BB572A1B53F87C0060E181 /* Project object */;
			proxyType = 1;
			remoteGlobalIDString = 77BB57311B53F87C0060E181;
			remoteInfo = TENCAR;
		};
/* End PBXContainerItemProxy section */

/* Begin PBXFileReference section */
		770449E11B54E2B7007C099F /* TENCAR.entitlements */ = {isa = PBXFileReference; lastKnownFileType = text.xml; path = TENCAR.entitlements; sourceTree = "<group>"; };
		77057A4E1B56711800FCE40C /* PanelsController.h */ = {isa = PBXFileReference; fileEncoding = 4; lastKnownFileType = sourcecode.c.h; path = PanelsController.h; sourceTree = "<group>"; };
		77057A4F1B56711800FCE40C /* PanelsController.m */ = {isa = PBXFileReference; fileEncoding = 4; lastKnownFileType = sourcecode.c.objc; path = PanelsController.m; sourceTree = "<group>"; };
		770D6AEB1B5D0841000B16DA /* Base */ = {isa = PBXFileReference; lastKnownFileType = file.storyboard; name = Base; path = Base.lproj/Main.storyboard; sourceTree = "<group>"; };
		770D6AEC1B5D0845000B16DA /* Base */ = {isa = PBXFileReference; lastKnownFileType = file.storyboard; name = Base; path = Base.lproj/LaunchScreen.storyboard; sourceTree = "<group>"; };
		770D6AF01B5D0F69000B16DA /* en */ = {isa = PBXFileReference; lastKnownFileType = text.plist.strings; name = en; path = en.lproj/Main.strings; sourceTree = "<group>"; };
		770D6AF11B5D0F69000B16DA /* en */ = {isa = PBXFileReference; lastKnownFileType = text.plist.strings; name = en; path = en.lproj/LaunchScreen.strings; sourceTree = "<group>"; };
		770D6AFB1B5F8776000B16DA /* Foundation.framework */ = {isa = PBXFileReference; lastKnownFileType = wrapper.framework; name = Foundation.framework; path = System/Library/Frameworks/Foundation.framework; sourceTree = SDKROOT; };
		770D6AFD1B5F87CC000B16DA /* UIKit.framework */ = {isa = PBXFileReference; lastKnownFileType = wrapper.framework; name = UIKit.framework; path = System/Library/Frameworks/UIKit.framework; sourceTree = SDKROOT; };
		770D6AFF1B5F87D1000B16DA /* QuartzCore.framework */ = {isa = PBXFileReference; lastKnownFileType = wrapper.framework; name = QuartzCore.framework; path = System/Library/Frameworks/QuartzCore.framework; sourceTree = SDKROOT; };
		770D6B011B5F87E3000B16DA /* CoreGraphics.framework */ = {isa = PBXFileReference; lastKnownFileType = wrapper.framework; name = CoreGraphics.framework; path = System/Library/Frameworks/CoreGraphics.framework; sourceTree = SDKROOT; };
		770D6B041B5F8938000B16DA /* tencar-Prefix.pch */ = {isa = PBXFileReference; fileEncoding = 4; lastKnownFileType = sourcecode.c.h; path = "tencar-Prefix.pch"; sourceTree = "<group>"; };
		770D6B051B5F98B7000B16DA /* UIBarButtonItem+Badge.h */ = {isa = PBXFileReference; fileEncoding = 4; lastKnownFileType = sourcecode.c.h; path = "UIBarButtonItem+Badge.h"; sourceTree = "<group>"; };
		770D6B061B5F98B7000B16DA /* UIBarButtonItem+Badge.m */ = {isa = PBXFileReference; fileEncoding = 4; lastKnownFileType = sourcecode.c.objc; path = "UIBarButtonItem+Badge.m"; sourceTree = "<group>"; };
		770D6B071B5F98B7000B16DA /* UIButton+Badge.h */ = {isa = PBXFileReference; fileEncoding = 4; lastKnownFileType = sourcecode.c.h; path = "UIButton+Badge.h"; sourceTree = "<group>"; };
		770D6B081B5F98B7000B16DA /* UIButton+Badge.m */ = {isa = PBXFileReference; fileEncoding = 4; lastKnownFileType = sourcecode.c.objc; path = "UIButton+Badge.m"; sourceTree = "<group>"; };
		7710587E1BD3E8C40010CAD8 /* 2208_2208.png */ = {isa = PBXFileReference; lastKnownFileType = image.png; path = 2208_2208.png; sourceTree = "<group>"; };
		771272B81BC7A72000697807 /* ALSSchlangesans-Black.otf */ = {isa = PBXFileReference; lastKnownFileType = file; path = "ALSSchlangesans-Black.otf"; sourceTree = "<group>"; };
		771272B91BC7A72000697807 /* ALSSchlangesans-Bold.otf */ = {isa = PBXFileReference; lastKnownFileType = file; path = "ALSSchlangesans-Bold.otf"; sourceTree = "<group>"; };
		771272BA1BC7A72000697807 /* ALSSchlangesans-Light.otf */ = {isa = PBXFileReference; lastKnownFileType = file; path = "ALSSchlangesans-Light.otf"; sourceTree = "<group>"; };
		771272BB1BC7A72000697807 /* ALSSchlangesans-Thin.otf */ = {isa = PBXFileReference; lastKnownFileType = file; path = "ALSSchlangesans-Thin.otf"; sourceTree = "<group>"; };
		771272BC1BC7A72000697807 /* ALSSchlangesans.otf */ = {isa = PBXFileReference; lastKnownFileType = file; path = ALSSchlangesans.otf; sourceTree = "<group>"; };
		7722E6911BDA1E6600C5DA76 /* CalendarViewController.h */ = {isa = PBXFileReference; fileEncoding = 4; lastKnownFileType = sourcecode.c.h; path = CalendarViewController.h; sourceTree = "<group>"; };
		7722E6921BDA1E6600C5DA76 /* CalendarViewController.m */ = {isa = PBXFileReference; fileEncoding = 4; lastKnownFileType = sourcecode.c.objc; path = CalendarViewController.m; sourceTree = "<group>"; };
		7722E6951BDA1F4A00C5DA76 /* GLCalendarDateRange.h */ = {isa = PBXFileReference; fileEncoding = 4; lastKnownFileType = sourcecode.c.h; path = GLCalendarDateRange.h; sourceTree = "<group>"; };
		7722E6961BDA1F4A00C5DA76 /* GLCalendarDateRange.m */ = {isa = PBXFileReference; fileEncoding = 4; lastKnownFileType = sourcecode.c.objc; path = GLCalendarDateRange.m; sourceTree = "<group>"; };
		7722E6971BDA1F4A00C5DA76 /* GLCalendarMonthCoverView.h */ = {isa = PBXFileReference; fileEncoding = 4; lastKnownFileType = sourcecode.c.h; path = GLCalendarMonthCoverView.h; sourceTree = "<group>"; };
		7722E6981BDA1F4A00C5DA76 /* GLCalendarMonthCoverView.m */ = {isa = PBXFileReference; fileEncoding = 4; lastKnownFileType = sourcecode.c.objc; path = GLCalendarMonthCoverView.m; sourceTree = "<group>"; };
		7722E6991BDA1F4A00C5DA76 /* GLCalendarView.h */ = {isa = PBXFileReference; fileEncoding = 4; lastKnownFileType = sourcecode.c.h; path = GLCalendarView.h; sourceTree = "<group>"; };
		7722E69A1BDA1F4A00C5DA76 /* GLCalendarView.m */ = {isa = PBXFileReference; fileEncoding = 4; lastKnownFileType = sourcecode.c.objc; path = GLCalendarView.m; sourceTree = "<group>"; };
		7722E69B1BDA1F4A00C5DA76 /* GLCalendarView.xib */ = {isa = PBXFileReference; fileEncoding = 4; lastKnownFileType = file.xib; path = GLCalendarView.xib; sourceTree = "<group>"; };
		7722E69C1BDA1F4A00C5DA76 /* GLDateUtils.h */ = {isa = PBXFileReference; fileEncoding = 4; lastKnownFileType = sourcecode.c.h; path = GLDateUtils.h; sourceTree = "<group>"; };
		7722E69D1BDA1F4A00C5DA76 /* GLDateUtils.m */ = {isa = PBXFileReference; fileEncoding = 4; lastKnownFileType = sourcecode.c.objc; path = GLDateUtils.m; sourceTree = "<group>"; };
		7722E6AC1BDA1FD400C5DA76 /* gl-calendar-magnify-glass.png */ = {isa = PBXFileReference; lastKnownFileType = image.png; path = "gl-calendar-magnify-glass.png"; sourceTree = "<group>"; };
		7722E6AD1BDA1FD400C5DA76 /* gl-calendar-magnify-glass@2x.png */ = {isa = PBXFileReference; lastKnownFileType = image.png; path = "gl-calendar-magnify-glass@2x.png"; sourceTree = "<group>"; };
		7722E6AE1BDA1FD400C5DA76 /* gl-calendar-shadow.png */ = {isa = PBXFileReference; lastKnownFileType = image.png; path = "gl-calendar-shadow.png"; sourceTree = "<group>"; };
		7722E6AF1BDA1FD400C5DA76 /* gl-calendar-shadow@2x.png */ = {isa = PBXFileReference; lastKnownFileType = image.png; path = "gl-calendar-shadow@2x.png"; sourceTree = "<group>"; };
		7722E6B01BDA1FD400C5DA76 /* gl-calendar-shadow@3x.png */ = {isa = PBXFileReference; lastKnownFileType = image.png; path = "gl-calendar-shadow@3x.png"; sourceTree = "<group>"; };
		7722E6B71BDA1FEF00C5DA76 /* GLCalendarDayCell.h */ = {isa = PBXFileReference; fileEncoding = 4; lastKnownFileType = sourcecode.c.h; path = GLCalendarDayCell.h; sourceTree = "<group>"; };
		7722E6B81BDA1FEF00C5DA76 /* GLCalendarDayCell.m */ = {isa = PBXFileReference; fileEncoding = 4; lastKnownFileType = sourcecode.c.objc; path = GLCalendarDayCell.m; sourceTree = "<group>"; };
		7722E6B91BDA1FEF00C5DA76 /* GLCalendarDayCell.xib */ = {isa = PBXFileReference; fileEncoding = 4; lastKnownFileType = file.xib; path = GLCalendarDayCell.xib; sourceTree = "<group>"; };
		7722E6BA1BDA1FEF00C5DA76 /* GLCalendarDayCellBackgroundCover.h */ = {isa = PBXFileReference; fileEncoding = 4; lastKnownFileType = sourcecode.c.h; path = GLCalendarDayCellBackgroundCover.h; sourceTree = "<group>"; };
		7722E6BB1BDA1FEF00C5DA76 /* GLCalendarDayCellBackgroundCover.m */ = {isa = PBXFileReference; fileEncoding = 4; lastKnownFileType = sourcecode.c.objc; path = GLCalendarDayCellBackgroundCover.m; sourceTree = "<group>"; };
		772F2B221BE0EC0B003C0483 /* CoreLocation.framework */ = {isa = PBXFileReference; lastKnownFileType = wrapper.framework; name = CoreLocation.framework; path = System/Library/Frameworks/CoreLocation.framework; sourceTree = SDKROOT; };
		773E822B1BD26E4E00F57AD1 /* JVFloatLabeledTextField.h */ = {isa = PBXFileReference; fileEncoding = 4; lastKnownFileType = sourcecode.c.h; path = JVFloatLabeledTextField.h; sourceTree = "<group>"; };
		773E822C1BD26E4E00F57AD1 /* JVFloatLabeledTextField.m */ = {isa = PBXFileReference; fileEncoding = 4; lastKnownFileType = sourcecode.c.objc; path = JVFloatLabeledTextField.m; sourceTree = "<group>"; };
		773E822D1BD26E4E00F57AD1 /* JVFloatLabeledTextView.h */ = {isa = PBXFileReference; fileEncoding = 4; lastKnownFileType = sourcecode.c.h; path = JVFloatLabeledTextView.h; sourceTree = "<group>"; };
		773E822E1BD26E4E00F57AD1 /* JVFloatLabeledTextView.m */ = {isa = PBXFileReference; fileEncoding = 4; lastKnownFileType = sourcecode.c.objc; path = JVFloatLabeledTextView.m; sourceTree = "<group>"; };
		773E822F1BD26E4E00F57AD1 /* NSString+TextDirectionality.h */ = {isa = PBXFileReference; fileEncoding = 4; lastKnownFileType = sourcecode.c.h; path = "NSString+TextDirectionality.h"; sourceTree = "<group>"; };
		773E82301BD26E4E00F57AD1 /* NSString+TextDirectionality.m */ = {isa = PBXFileReference; fileEncoding = 4; lastKnownFileType = sourcecode.c.objc; path = "NSString+TextDirectionality.m"; sourceTree = "<group>"; };
		7741566B1BCD0D0600DB6EE7 /* LoginViewController.h */ = {isa = PBXFileReference; fileEncoding = 4; lastKnownFileType = sourcecode.c.h; path = LoginViewController.h; sourceTree = "<group>"; };
		7741566C1BCD0D0600DB6EE7 /* LoginViewController.m */ = {isa = PBXFileReference; fileEncoding = 4; lastKnownFileType = sourcecode.c.objc; path = LoginViewController.m; sourceTree = "<group>"; };
		77522A531BD5028F008F5EDF /* RECommonFunctions.h */ = {isa = PBXFileReference; fileEncoding = 4; lastKnownFileType = sourcecode.c.h; path = RECommonFunctions.h; sourceTree = "<group>"; };
		77522A541BD5028F008F5EDF /* RECommonFunctions.m */ = {isa = PBXFileReference; fileEncoding = 4; lastKnownFileType = sourcecode.c.objc; path = RECommonFunctions.m; sourceTree = "<group>"; };
		77522A551BD5028F008F5EDF /* REFrostedContainerViewController.h */ = {isa = PBXFileReference; fileEncoding = 4; lastKnownFileType = sourcecode.c.h; path = REFrostedContainerViewController.h; sourceTree = "<group>"; };
		77522A561BD5028F008F5EDF /* REFrostedContainerViewController.m */ = {isa = PBXFileReference; fileEncoding = 4; lastKnownFileType = sourcecode.c.objc; path = REFrostedContainerViewController.m; sourceTree = "<group>"; };
		77522A571BD5028F008F5EDF /* REFrostedViewController.h */ = {isa = PBXFileReference; fileEncoding = 4; lastKnownFileType = sourcecode.c.h; path = REFrostedViewController.h; sourceTree = "<group>"; };
		77522A581BD5028F008F5EDF /* REFrostedViewController.m */ = {isa = PBXFileReference; fileEncoding = 4; lastKnownFileType = sourcecode.c.objc; path = REFrostedViewController.m; sourceTree = "<group>"; };
		77522A591BD5028F008F5EDF /* UIImage+REFrostedViewController.h */ = {isa = PBXFileReference; fileEncoding = 4; lastKnownFileType = sourcecode.c.h; path = "UIImage+REFrostedViewController.h"; sourceTree = "<group>"; };
		77522A5A1BD5028F008F5EDF /* UIImage+REFrostedViewController.m */ = {isa = PBXFileReference; fileEncoding = 4; lastKnownFileType = sourcecode.c.objc; path = "UIImage+REFrostedViewController.m"; sourceTree = "<group>"; };
		77522A5B1BD5028F008F5EDF /* UIView+REFrostedViewController.h */ = {isa = PBXFileReference; fileEncoding = 4; lastKnownFileType = sourcecode.c.h; path = "UIView+REFrostedViewController.h"; sourceTree = "<group>"; };
		77522A5C1BD5028F008F5EDF /* UIView+REFrostedViewController.m */ = {isa = PBXFileReference; fileEncoding = 4; lastKnownFileType = sourcecode.c.objc; path = "UIView+REFrostedViewController.m"; sourceTree = "<group>"; };
		77522A5D1BD5028F008F5EDF /* UIViewController+REFrostedViewController.h */ = {isa = PBXFileReference; fileEncoding = 4; lastKnownFileType = sourcecode.c.h; path = "UIViewController+REFrostedViewController.h"; sourceTree = "<group>"; };
		77522A5E1BD5028F008F5EDF /* UIViewController+REFrostedViewController.m */ = {isa = PBXFileReference; fileEncoding = 4; lastKnownFileType = sourcecode.c.objc; path = "UIViewController+REFrostedViewController.m"; sourceTree = "<group>"; };
		77522A681BD507E4008F5EDF /* navbarViewController.h */ = {isa = PBXFileReference; fileEncoding = 4; lastKnownFileType = sourcecode.c.h; path = navbarViewController.h; sourceTree = "<group>"; };
		77522A691BD507E4008F5EDF /* navbarViewController.m */ = {isa = PBXFileReference; fileEncoding = 4; lastKnownFileType = sourcecode.c.objc; path = navbarViewController.m; sourceTree = "<group>"; };
		77522A6B1BD50864008F5EDF /* dashboardViewController.h */ = {isa = PBXFileReference; fileEncoding = 4; lastKnownFileType = sourcecode.c.h; path = dashboardViewController.h; sourceTree = "<group>"; };
		77522A6C1BD50864008F5EDF /* dashboardViewController.m */ = {isa = PBXFileReference; fileEncoding = 4; lastKnownFileType = sourcecode.c.objc; path = dashboardViewController.m; sourceTree = "<group>"; };
		77522A6E1BD5092A008F5EDF /* MenuViewController.h */ = {isa = PBXFileReference; fileEncoding = 4; lastKnownFileType = sourcecode.c.h; path = MenuViewController.h; sourceTree = "<group>"; };
		77522A6F1BD5092A008F5EDF /* MenuViewController.m */ = {isa = PBXFileReference; fileEncoding = 4; lastKnownFileType = sourcecode.c.objc; path = MenuViewController.m; sourceTree = "<group>"; };
		77522A741BD65B83008F5EDF /* avatar.jpg */ = {isa = PBXFileReference; lastKnownFileType = image.jpeg; path = avatar.jpg; sourceTree = "<group>"; };
		77B77B201BD11D4B00267D94 /* ConfirmViewController.h */ = {isa = PBXFileReference; fileEncoding = 4; lastKnownFileType = sourcecode.c.h; path = ConfirmViewController.h; sourceTree = "<group>"; };
		77B77B211BD11D4B00267D94 /* ConfirmViewController.m */ = {isa = PBXFileReference; fileEncoding = 4; lastKnownFileType = sourcecode.c.objc; path = ConfirmViewController.m; sourceTree = "<group>"; };
		77B77B271BD1399300267D94 /* IHKeyboardAvoiding.h */ = {isa = PBXFileReference; fileEncoding = 4; lastKnownFileType = sourcecode.c.h; path = IHKeyboardAvoiding.h; sourceTree = "<group>"; };
		77B77B281BD1399300267D94 /* IHKeyboardAvoiding.m */ = {isa = PBXFileReference; fileEncoding = 4; lastKnownFileType = sourcecode.c.objc; path = IHKeyboardAvoiding.m; sourceTree = "<group>"; };
		77BB57321B53F87C0060E181 /* TENCAR.app */ = {isa = PBXFileReference; explicitFileType = wrapper.application; includeInIndex = 0; path = TENCAR.app; sourceTree = BUILT_PRODUCTS_DIR; };
		77BB57361B53F87C0060E181 /* main.m */ = {isa = PBXFileReference; lastKnownFileType = sourcecode.c.objc; path = main.m; sourceTree = "<group>"; };
		77BB57381B53F87C0060E181 /* AppDelegate.h */ = {isa = PBXFileReference; lastKnownFileType = sourcecode.c.h; path = AppDelegate.h; sourceTree = "<group>"; };
		77BB57391B53F87C0060E181 /* AppDelegate.m */ = {isa = PBXFileReference; lastKnownFileType = sourcecode.c.objc; path = AppDelegate.m; sourceTree = "<group>"; };
		77BB57421B53F87C0060E181 /* TENCAR.xcdatamodel */ = {isa = PBXFileReference; lastKnownFileType = wrapper.xcdatamodel; path = TENCAR.xcdatamodel; sourceTree = "<group>"; };
		77BB57441B53F87C0060E181 /* Assets.xcassets */ = {isa = PBXFileReference; lastKnownFileType = folder.assetcatalog; path = Assets.xcassets; sourceTree = "<group>"; };
		77BB57491B53F87C0060E181 /* Info.plist */ = {isa = PBXFileReference; lastKnownFileType = text.plist.xml; path = Info.plist; sourceTree = "<group>"; };
		77BB574E1B53F87D0060E181 /* TENCARTests.xctest */ = {isa = PBXFileReference; explicitFileType = wrapper.cfbundle; includeInIndex = 0; path = TENCARTests.xctest; sourceTree = BUILT_PRODUCTS_DIR; };
		77BB57521B53F87D0060E181 /* TENCARTests.m */ = {isa = PBXFileReference; lastKnownFileType = sourcecode.c.objc; path = TENCARTests.m; sourceTree = "<group>"; };
		77BB57541B53F87D0060E181 /* Info.plist */ = {isa = PBXFileReference; lastKnownFileType = text.plist.xml; path = Info.plist; sourceTree = "<group>"; };
		77BB57591B53F87D0060E181 /* TENCARUITests.xctest */ = {isa = PBXFileReference; explicitFileType = wrapper.cfbundle; includeInIndex = 0; path = TENCARUITests.xctest; sourceTree = BUILT_PRODUCTS_DIR; };
		77BB575D1B53F87D0060E181 /* TENCARUITests.m */ = {isa = PBXFileReference; lastKnownFileType = sourcecode.c.objc; path = TENCARUITests.m; sourceTree = "<group>"; };
		77BB575F1B53F87D0060E181 /* Info.plist */ = {isa = PBXFileReference; lastKnownFileType = text.plist.xml; path = Info.plist; sourceTree = "<group>"; };
		77BB576B1B5402A70060E181 /* ru */ = {isa = PBXFileReference; lastKnownFileType = text.plist.strings; name = ru; path = ru.lproj/Main.strings; sourceTree = "<group>"; };
		77BB576C1B5402A70060E181 /* ru */ = {isa = PBXFileReference; lastKnownFileType = text.plist.strings; name = ru; path = ru.lproj/LaunchScreen.strings; sourceTree = "<group>"; };
		77BD05D91BCE517600EF648A /* PrivacyViewController.h */ = {isa = PBXFileReference; fileEncoding = 4; lastKnownFileType = sourcecode.c.h; path = PrivacyViewController.h; sourceTree = "<group>"; };
		77BD05DA1BCE517600EF648A /* PrivacyViewController.m */ = {isa = PBXFileReference; fileEncoding = 4; lastKnownFileType = sourcecode.c.objc; path = PrivacyViewController.m; sourceTree = "<group>"; };
		77BD05E81BCF9AE400EF648A /* privacy */ = {isa = PBXFileReference; lastKnownFileType = folder; path = privacy; sourceTree = "<group>"; };
		77BD05EA1BCFD16F00EF648A /* RegisterViewController.h */ = {isa = PBXFileReference; fileEncoding = 4; lastKnownFileType = sourcecode.c.h; path = RegisterViewController.h; sourceTree = "<group>"; };
		77BD05EB1BCFD16F00EF648A /* RegisterViewController.m */ = {isa = PBXFileReference; fileEncoding = 4; lastKnownFileType = sourcecode.c.objc; path = RegisterViewController.m; sourceTree = "<group>"; };
		77DC48A31BE36E5300DA9514 /* selectCityTableViewController.h */ = {isa = PBXFileReference; fileEncoding = 4; lastKnownFileType = sourcecode.c.h; path = selectCityTableViewController.h; sourceTree = "<group>"; };
		77DC48A41BE36E5300DA9514 /* selectCityTableViewController.m */ = {isa = PBXFileReference; fileEncoding = 4; lastKnownFileType = sourcecode.c.objc; path = selectCityTableViewController.m; sourceTree = "<group>"; };
		77DC48A61BE3785200DA9514 /* DataClass.h */ = {isa = PBXFileReference; fileEncoding = 4; lastKnownFileType = sourcecode.c.h; path = DataClass.h; sourceTree = "<group>"; };
		77DC48A71BE3785200DA9514 /* DataClass.m */ = {isa = PBXFileReference; fileEncoding = 4; lastKnownFileType = sourcecode.c.objc; path = DataClass.m; sourceTree = "<group>"; };
		CE8D0E3567E3232BF21A357A /* libPods.a */ = {isa = PBXFileReference; explicitFileType = archive.ar; includeInIndex = 0; path = libPods.a; sourceTree = BUILT_PRODUCTS_DIR; };
/* End PBXFileReference section */

/* Begin PBXFrameworksBuildPhase section */
		77BB572F1B53F87C0060E181 /* Frameworks */ = {
			isa = PBXFrameworksBuildPhase;
			buildActionMask = 2147483647;
			files = (
				772F2B231BE0EC0B003C0483 /* CoreLocation.framework in Frameworks */,
				770D6B021B5F87E3000B16DA /* CoreGraphics.framework in Frameworks */,
				770D6B001B5F87D1000B16DA /* QuartzCore.framework in Frameworks */,
				770D6AFE1B5F87CC000B16DA /* UIKit.framework in Frameworks */,
				770D6AFC1B5F8776000B16DA /* Foundation.framework in Frameworks */,
			);
			runOnlyForDeploymentPostprocessing = 0;
		};
		77BB574B1B53F87D0060E181 /* Frameworks */ = {
			isa = PBXFrameworksBuildPhase;
			buildActionMask = 2147483647;
			files = (
			);
			runOnlyForDeploymentPostprocessing = 0;
		};
		77BB57561B53F87D0060E181 /* Frameworks */ = {
			isa = PBXFrameworksBuildPhase;
			buildActionMask = 2147483647;
			files = (
			);
			runOnlyForDeploymentPostprocessing = 0;
		};
/* End PBXFrameworksBuildPhase section */

/* Begin PBXGroup section */
		77057A451B56639400FCE40C /* fonts */ = {
			isa = PBXGroup;
			children = (
				771272B81BC7A72000697807 /* ALSSchlangesans-Black.otf */,
				771272B91BC7A72000697807 /* ALSSchlangesans-Bold.otf */,
				771272BA1BC7A72000697807 /* ALSSchlangesans-Light.otf */,
				771272BB1BC7A72000697807 /* ALSSchlangesans-Thin.otf */,
				771272BC1BC7A72000697807 /* ALSSchlangesans.otf */,
			);
			name = fonts;
			sourceTree = "<group>";
		};
		77057A4A1B5669A200FCE40C /* Resources */ = {
			isa = PBXGroup;
			children = (
				7710587D1BD3E8B90010CAD8 /* images */,
				77057A451B56639400FCE40C /* fonts */,
			);
			name = Resources;
			sourceTree = "<group>";
		};
		770D6B031B5F885C000B16DA /* Frameworks */ = {
			isa = PBXGroup;
			children = (
				772F2B221BE0EC0B003C0483 /* CoreLocation.framework */,
				770D6B011B5F87E3000B16DA /* CoreGraphics.framework */,
				770D6AFF1B5F87D1000B16DA /* QuartzCore.framework */,
				770D6AFD1B5F87CC000B16DA /* UIKit.framework */,
				770D6AFB1B5F8776000B16DA /* Foundation.framework */,
				CE8D0E3567E3232BF21A357A /* libPods.a */,
			);
			name = Frameworks;
			sourceTree = "<group>";
		};
		770D6B0C1B5F98CB000B16DA /* badges */ = {
			isa = PBXGroup;
			children = (
				770D6B051B5F98B7000B16DA /* UIBarButtonItem+Badge.h */,
				770D6B061B5F98B7000B16DA /* UIBarButtonItem+Badge.m */,
				770D6B071B5F98B7000B16DA /* UIButton+Badge.h */,
				770D6B081B5F98B7000B16DA /* UIButton+Badge.m */,
			);
			name = badges;
			sourceTree = "<group>";
		};
		7710587D1BD3E8B90010CAD8 /* images */ = {
			isa = PBXGroup;
			children = (
				77522A741BD65B83008F5EDF /* avatar.jpg */,
				7710587E1BD3E8C40010CAD8 /* 2208_2208.png */,
			);
			name = images;
			sourceTree = "<group>";
		};
		7722E6941BDA1F3600C5DA76 /* GLCalendar */ = {
			isa = PBXGroup;
			children = (
				7722E6951BDA1F4A00C5DA76 /* GLCalendarDateRange.h */,
				7722E6961BDA1F4A00C5DA76 /* GLCalendarDateRange.m */,
				7722E6971BDA1F4A00C5DA76 /* GLCalendarMonthCoverView.h */,
				7722E6BC1BDA1FEF00C5DA76 /* GLCalendarDayCell */,
				7722E6981BDA1F4A00C5DA76 /* GLCalendarMonthCoverView.m */,
				7722E6991BDA1F4A00C5DA76 /* GLCalendarView.h */,
				7722E69A1BDA1F4A00C5DA76 /* GLCalendarView.m */,
				7722E69B1BDA1F4A00C5DA76 /* GLCalendarView.xib */,
				7722E6B11BDA1FD400C5DA76 /* Images */,
				7722E69C1BDA1F4A00C5DA76 /* GLDateUtils.h */,
				7722E69D1BDA1F4A00C5DA76 /* GLDateUtils.m */,
			);
			name = GLCalendar;
			sourceTree = "<group>";
		};
		7722E6B11BDA1FD400C5DA76 /* Images */ = {
			isa = PBXGroup;
			children = (
				7722E6AC1BDA1FD400C5DA76 /* gl-calendar-magnify-glass.png */,
				7722E6AD1BDA1FD400C5DA76 /* gl-calendar-magnify-glass@2x.png */,
				7722E6AE1BDA1FD400C5DA76 /* gl-calendar-shadow.png */,
				7722E6AF1BDA1FD400C5DA76 /* gl-calendar-shadow@2x.png */,
				7722E6B01BDA1FD400C5DA76 /* gl-calendar-shadow@3x.png */,
			);
			name = Images;
			path = "../../../../Downloads/GLCalendarView-master/GLCalendarView/Sources/Images";
			sourceTree = "<group>";
		};
		7722E6BC1BDA1FEF00C5DA76 /* GLCalendarDayCell */ = {
			isa = PBXGroup;
			children = (
				7722E6B71BDA1FEF00C5DA76 /* GLCalendarDayCell.h */,
				7722E6B81BDA1FEF00C5DA76 /* GLCalendarDayCell.m */,
				7722E6B91BDA1FEF00C5DA76 /* GLCalendarDayCell.xib */,
				7722E6BA1BDA1FEF00C5DA76 /* GLCalendarDayCellBackgroundCover.h */,
				7722E6BB1BDA1FEF00C5DA76 /* GLCalendarDayCellBackgroundCover.m */,
			);
			name = GLCalendarDayCell;
			path = "../../../../Downloads/GLCalendarView-master/GLCalendarView/Sources/GLCalendarDayCell";
			sourceTree = "<group>";
		};
		773E822A1BD26E4500F57AD1 /* JVFloatLabeledTextField */ = {
			isa = PBXGroup;
			children = (
				773E822B1BD26E4E00F57AD1 /* JVFloatLabeledTextField.h */,
				773E822C1BD26E4E00F57AD1 /* JVFloatLabeledTextField.m */,
				773E822D1BD26E4E00F57AD1 /* JVFloatLabeledTextView.h */,
				773E822E1BD26E4E00F57AD1 /* JVFloatLabeledTextView.m */,
				773E822F1BD26E4E00F57AD1 /* NSString+TextDirectionality.h */,
				773E82301BD26E4E00F57AD1 /* NSString+TextDirectionality.m */,
			);
			name = JVFloatLabeledTextField;
			sourceTree = "<group>";
		};
		77522A521BD50281008F5EDF /* REFrostedViewController */ = {
			isa = PBXGroup;
			children = (
				77522A531BD5028F008F5EDF /* RECommonFunctions.h */,
				77522A541BD5028F008F5EDF /* RECommonFunctions.m */,
				77522A551BD5028F008F5EDF /* REFrostedContainerViewController.h */,
				77522A561BD5028F008F5EDF /* REFrostedContainerViewController.m */,
				77522A571BD5028F008F5EDF /* REFrostedViewController.h */,
				77522A581BD5028F008F5EDF /* REFrostedViewController.m */,
				77522A591BD5028F008F5EDF /* UIImage+REFrostedViewController.h */,
				77522A5A1BD5028F008F5EDF /* UIImage+REFrostedViewController.m */,
				77522A5B1BD5028F008F5EDF /* UIView+REFrostedViewController.h */,
				77522A5C1BD5028F008F5EDF /* UIView+REFrostedViewController.m */,
				77522A5D1BD5028F008F5EDF /* UIViewController+REFrostedViewController.h */,
				77522A5E1BD5028F008F5EDF /* UIViewController+REFrostedViewController.m */,
			);
			name = REFrostedViewController;
			sourceTree = "<group>";
		};
		77B77B231BD137F300267D94 /* SLScrollViewKeyboardSupport */ = {
			isa = PBXGroup;
			children = (
				77B77B271BD1399300267D94 /* IHKeyboardAvoiding.h */,
				77B77B281BD1399300267D94 /* IHKeyboardAvoiding.m */,
			);
			name = SLScrollViewKeyboardSupport;
			sourceTree = "<group>";
		};
		77BB57291B53F87C0060E181 = {
			isa = PBXGroup;
			children = (
				770D6B031B5F885C000B16DA /* Frameworks */,
				77BB57341B53F87C0060E181 /* TENCAR */,
				77BB57511B53F87D0060E181 /* TENCARTests */,
				77BB575C1B53F87D0060E181 /* TENCARUITests */,
				77BB57331B53F87C0060E181 /* Products */,
			);
			sourceTree = "<group>";
		};
		77BB57331B53F87C0060E181 /* Products */ = {
			isa = PBXGroup;
			children = (
				77BB57321B53F87C0060E181 /* TENCAR.app */,
				77BB574E1B53F87D0060E181 /* TENCARTests.xctest */,
				77BB57591B53F87D0060E181 /* TENCARUITests.xctest */,
			);
			name = Products;
			sourceTree = "<group>";
		};
		77BB57341B53F87C0060E181 /* TENCAR */ = {
			isa = PBXGroup;
			children = (
				7722E6941BDA1F3600C5DA76 /* GLCalendar */,
				77522A521BD50281008F5EDF /* REFrostedViewController */,
				773E822A1BD26E4500F57AD1 /* JVFloatLabeledTextField */,
				77B77B231BD137F300267D94 /* SLScrollViewKeyboardSupport */,
				77BD05E81BCF9AE400EF648A /* privacy */,
				770449E11B54E2B7007C099F /* TENCAR.entitlements */,
				770D6B0C1B5F98CB000B16DA /* badges */,
				77BB57381B53F87C0060E181 /* AppDelegate.h */,
				77DC48A61BE3785200DA9514 /* DataClass.h */,
				77DC48A71BE3785200DA9514 /* DataClass.m */,
				77BB57391B53F87C0060E181 /* AppDelegate.m */,
				77057A4E1B56711800FCE40C /* PanelsController.h */,
				77057A4F1B56711800FCE40C /* PanelsController.m */,
				77BB573E1B53F87C0060E181 /* Main.storyboard */,
				77DC48A31BE36E5300DA9514 /* selectCityTableViewController.h */,
				77DC48A41BE36E5300DA9514 /* selectCityTableViewController.m */,
				7722E6911BDA1E6600C5DA76 /* CalendarViewController.h */,
				7722E6921BDA1E6600C5DA76 /* CalendarViewController.m */,
				77522A6E1BD5092A008F5EDF /* MenuViewController.h */,
				77522A6F1BD5092A008F5EDF /* MenuViewController.m */,
				77522A6B1BD50864008F5EDF /* dashboardViewController.h */,
				77522A6C1BD50864008F5EDF /* dashboardViewController.m */,
				77522A681BD507E4008F5EDF /* navbarViewController.h */,
				77522A691BD507E4008F5EDF /* navbarViewController.m */,
				7741566B1BCD0D0600DB6EE7 /* LoginViewController.h */,
				7741566C1BCD0D0600DB6EE7 /* LoginViewController.m */,
				77BD05EA1BCFD16F00EF648A /* RegisterViewController.h */,
				77BD05EB1BCFD16F00EF648A /* RegisterViewController.m */,
				77B77B201BD11D4B00267D94 /* ConfirmViewController.h */,
				77B77B211BD11D4B00267D94 /* ConfirmViewController.m */,
				77BD05D91BCE517600EF648A /* PrivacyViewController.h */,
				77BD05DA1BCE517600EF648A /* PrivacyViewController.m */,
				77BB57441B53F87C0060E181 /* Assets.xcassets */,
				77BB57461B53F87C0060E181 /* LaunchScreen.storyboard */,
				77BB57491B53F87C0060E181 /* Info.plist */,
				77BB57411B53F87C0060E181 /* TENCAR.xcdatamodeld */,
				77057A4A1B5669A200FCE40C /* Resources */,
				77BB57351B53F87C0060E181 /* Supporting Files */,
			);
			path = TENCAR;
			sourceTree = "<group>";
		};
		77BB57351B53F87C0060E181 /* Supporting Files */ = {
			isa = PBXGroup;
			children = (
				77BB57361B53F87C0060E181 /* main.m */,
				770D6B041B5F8938000B16DA /* tencar-Prefix.pch */,
			);
			name = "Supporting Files";
			sourceTree = "<group>";
		};
		77BB57511B53F87D0060E181 /* TENCARTests */ = {
			isa = PBXGroup;
			children = (
				77BB57521B53F87D0060E181 /* TENCARTests.m */,
				77BB57541B53F87D0060E181 /* Info.plist */,
			);
			path = TENCARTests;
			sourceTree = "<group>";
		};
		77BB575C1B53F87D0060E181 /* TENCARUITests */ = {
			isa = PBXGroup;
			children = (
				77BB575D1B53F87D0060E181 /* TENCARUITests.m */,
				77BB575F1B53F87D0060E181 /* Info.plist */,
			);
			path = TENCARUITests;
			sourceTree = "<group>";
		};
/* End PBXGroup section */

/* Begin PBXNativeTarget section */
		77BB57311B53F87C0060E181 /* TENCAR */ = {
			isa = PBXNativeTarget;
			buildConfigurationList = 77BB57621B53F87D0060E181 /* Build configuration list for PBXNativeTarget "TENCAR" */;
			buildPhases = (
				77BB572E1B53F87C0060E181 /* Sources */,
				77BB572F1B53F87C0060E181 /* Frameworks */,
				77BB57301B53F87C0060E181 /* Resources */,
			);
			buildRules = (
			);
			dependencies = (
			);
			name = TENCAR;
			productName = TENCAR;
			productReference = 77BB57321B53F87C0060E181 /* TENCAR.app */;
			productType = "com.apple.product-type.application";
		};
		77BB574D1B53F87D0060E181 /* TENCARTests */ = {
			isa = PBXNativeTarget;
			buildConfigurationList = 77BB57651B53F87D0060E181 /* Build configuration list for PBXNativeTarget "TENCARTests" */;
			buildPhases = (
				77BB574A1B53F87D0060E181 /* Sources */,
				77BB574B1B53F87D0060E181 /* Frameworks */,
				77BB574C1B53F87D0060E181 /* Resources */,
			);
			buildRules = (
			);
			dependencies = (
				77BB57501B53F87D0060E181 /* PBXTargetDependency */,
			);
			name = TENCARTests;
			productName = TENCARTests;
			productReference = 77BB574E1B53F87D0060E181 /* TENCARTests.xctest */;
			productType = "com.apple.product-type.bundle.unit-test";
		};
		77BB57581B53F87D0060E181 /* TENCARUITests */ = {
			isa = PBXNativeTarget;
			buildConfigurationList = 77BB57681B53F87D0060E181 /* Build configuration list for PBXNativeTarget "TENCARUITests" */;
			buildPhases = (
				77BB57551B53F87D0060E181 /* Sources */,
				77BB57561B53F87D0060E181 /* Frameworks */,
				77BB57571B53F87D0060E181 /* Resources */,
			);
			buildRules = (
			);
			dependencies = (
				77BB575B1B53F87D0060E181 /* PBXTargetDependency */,
			);
			name = TENCARUITests;
			productName = TENCARUITests;
			productReference = 77BB57591B53F87D0060E181 /* TENCARUITests.xctest */;
			productType = "com.apple.product-type.bundle.ui-testing";
		};
/* End PBXNativeTarget section */

/* Begin PBXProject section */
		77BB572A1B53F87C0060E181 /* Project object */ = {
			isa = PBXProject;
			attributes = {
				LastUpgradeCheck = 0700;
				ORGANIZATIONNAME = "ilab.pro LLC";
				TargetAttributes = {
					77BB57311B53F87C0060E181 = {
						CreatedOnToolsVersion = 7.0;
						DevelopmentTeam = FXA6R77S3W;
						SystemCapabilities = {
							com.apple.iCloud = {
								enabled = 0;
							};
						};
					};
					77BB574D1B53F87D0060E181 = {
						CreatedOnToolsVersion = 7.0;
						TestTargetID = 77BB57311B53F87C0060E181;
					};
					77BB57581B53F87D0060E181 = {
						CreatedOnToolsVersion = 7.0;
						TestTargetID = 77BB57311B53F87C0060E181;
					};
				};
			};
			buildConfigurationList = 77BB572D1B53F87C0060E181 /* Build configuration list for PBXProject "TENCAR" */;
			compatibilityVersion = "Xcode 3.2";
			developmentRegion = English;
			hasScannedForEncodings = 0;
			knownRegions = (
				Base,
				en,
			);
			mainGroup = 77BB57291B53F87C0060E181;
			productRefGroup = 77BB57331B53F87C0060E181 /* Products */;
			projectDirPath = "";
			projectRoot = "";
			targets = (
				77BB57311B53F87C0060E181 /* TENCAR */,
				77BB574D1B53F87D0060E181 /* TENCARTests */,
				77BB57581B53F87D0060E181 /* TENCARUITests */,
			);
		};
/* End PBXProject section */

/* Begin PBXResourcesBuildPhase section */
		77BB57301B53F87C0060E181 /* Resources */ = {
			isa = PBXResourcesBuildPhase;
			buildActionMask = 2147483647;
			files = (
				771272BE1BC7A72000697807 /* ALSSchlangesans-Bold.otf in Resources */,
				771272BD1BC7A72000697807 /* ALSSchlangesans-Black.otf in Resources */,
				77BB57481B53F87C0060E181 /* LaunchScreen.storyboard in Resources */,
				7722E6B51BDA1FD400C5DA76 /* gl-calendar-shadow@2x.png in Resources */,
				7722E6A11BDA1F4A00C5DA76 /* GLCalendarView.xib in Resources */,
				77BB57451B53F87C0060E181 /* Assets.xcassets in Resources */,
				771272C11BC7A72000697807 /* ALSSchlangesans.otf in Resources */,
				7722E6BE1BDA1FEF00C5DA76 /* GLCalendarDayCell.xib in Resources */,
				7722E6B41BDA1FD400C5DA76 /* gl-calendar-shadow.png in Resources */,
				7722E6B61BDA1FD400C5DA76 /* gl-calendar-shadow@3x.png in Resources */,
				771272C01BC7A72000697807 /* ALSSchlangesans-Thin.otf in Resources */,
				77BD05E91BCF9AE400EF648A /* privacy in Resources */,
				7710587F1BD3E8C40010CAD8 /* 2208_2208.png in Resources */,
				77BB57401B53F87C0060E181 /* Main.storyboard in Resources */,
				7722E6B21BDA1FD400C5DA76 /* gl-calendar-magnify-glass.png in Resources */,
				7722E6B31BDA1FD400C5DA76 /* gl-calendar-magnify-glass@2x.png in Resources */,
				771272BF1BC7A72000697807 /* ALSSchlangesans-Light.otf in Resources */,
				77522A751BD65B83008F5EDF /* avatar.jpg in Resources */,
			);
			runOnlyForDeploymentPostprocessing = 0;
		};
		77BB574C1B53F87D0060E181 /* Resources */ = {
			isa = PBXResourcesBuildPhase;
			buildActionMask = 2147483647;
			files = (
			);
			runOnlyForDeploymentPostprocessing = 0;
		};
		77BB57571B53F87D0060E181 /* Resources */ = {
			isa = PBXResourcesBuildPhase;
			buildActionMask = 2147483647;
			files = (
			);
			runOnlyForDeploymentPostprocessing = 0;
		};
/* End PBXResourcesBuildPhase section */

/* Begin PBXSourcesBuildPhase section */
		77BB572E1B53F87C0060E181 /* Sources */ = {
			isa = PBXSourcesBuildPhase;
			buildActionMask = 2147483647;
			files = (
				77057A501B56711800FCE40C /* PanelsController.m in Sources */,
				77B77B291BD1399300267D94 /* IHKeyboardAvoiding.m in Sources */,
				77DC48A51BE36E5300DA9514 /* selectCityTableViewController.m in Sources */,
				7722E69E1BDA1F4A00C5DA76 /* GLCalendarDateRange.m in Sources */,
				77BB57431B53F87C0060E181 /* TENCAR.xcdatamodeld in Sources */,
				77522A6D1BD50864008F5EDF /* dashboardViewController.m in Sources */,
				7722E6931BDA1E6600C5DA76 /* CalendarViewController.m in Sources */,
				7722E6A21BDA1F4A00C5DA76 /* GLDateUtils.m in Sources */,
				77B77B221BD11D4B00267D94 /* ConfirmViewController.m in Sources */,
				77BD05DB1BCE517600EF648A /* PrivacyViewController.m in Sources */,
				7722E6BF1BDA1FEF00C5DA76 /* GLCalendarDayCellBackgroundCover.m in Sources */,
				7722E69F1BDA1F4A00C5DA76 /* GLCalendarMonthCoverView.m in Sources */,
				77522A641BD5028F008F5EDF /* UIViewController+REFrostedViewController.m in Sources */,
				7722E6A01BDA1F4A00C5DA76 /* GLCalendarView.m in Sources */,
				77522A701BD5092A008F5EDF /* MenuViewController.m in Sources */,
				77522A621BD5028F008F5EDF /* UIImage+REFrostedViewController.m in Sources */,
				77522A5F1BD5028F008F5EDF /* RECommonFunctions.m in Sources */,
				77522A601BD5028F008F5EDF /* REFrostedContainerViewController.m in Sources */,
				7741566D1BCD0D0600DB6EE7 /* LoginViewController.m in Sources */,
				773E82321BD26E4E00F57AD1 /* JVFloatLabeledTextView.m in Sources */,
				770D6B0A1B5F98B7000B16DA /* UIButton+Badge.m in Sources */,
				773E82331BD26E4E00F57AD1 /* NSString+TextDirectionality.m in Sources */,
				77DC48A81BE3785200DA9514 /* DataClass.m in Sources */,
				77522A631BD5028F008F5EDF /* UIView+REFrostedViewController.m in Sources */,
				77522A611BD5028F008F5EDF /* REFrostedViewController.m in Sources */,
				7722E6BD1BDA1FEF00C5DA76 /* GLCalendarDayCell.m in Sources */,
				770D6B091B5F98B7000B16DA /* UIBarButtonItem+Badge.m in Sources */,
				77BD05EC1BCFD16F00EF648A /* RegisterViewController.m in Sources */,
				77BB573A1B53F87C0060E181 /* AppDelegate.m in Sources */,
				77522A6A1BD507E4008F5EDF /* navbarViewController.m in Sources */,
				773E82311BD26E4E00F57AD1 /* JVFloatLabeledTextField.m in Sources */,
				77BB57371B53F87C0060E181 /* main.m in Sources */,
			);
			runOnlyForDeploymentPostprocessing = 0;
		};
		77BB574A1B53F87D0060E181 /* Sources */ = {
			isa = PBXSourcesBuildPhase;
			buildActionMask = 2147483647;
			files = (
				77BB57531B53F87D0060E181 /* TENCARTests.m in Sources */,
			);
			runOnlyForDeploymentPostprocessing = 0;
		};
		77BB57551B53F87D0060E181 /* Sources */ = {
			isa = PBXSourcesBuildPhase;
			buildActionMask = 2147483647;
			files = (
				77BB575E1B53F87D0060E181 /* TENCARUITests.m in Sources */,
			);
			runOnlyForDeploymentPostprocessing = 0;
		};
/* End PBXSourcesBuildPhase section */

/* Begin PBXTargetDependency section */
		77BB57501B53F87D0060E181 /* PBXTargetDependency */ = {
			isa = PBXTargetDependency;
			target = 77BB57311B53F87C0060E181 /* TENCAR */;
			targetProxy = 77BB574F1B53F87D0060E181 /* PBXContainerItemProxy */;
		};
		77BB575B1B53F87D0060E181 /* PBXTargetDependency */ = {
			isa = PBXTargetDependency;
			target = 77BB57311B53F87C0060E181 /* TENCAR */;
			targetProxy = 77BB575A1B53F87D0060E181 /* PBXContainerItemProxy */;
		};
/* End PBXTargetDependency section */

/* Begin PBXVariantGroup section */
		77BB573E1B53F87C0060E181 /* Main.storyboard */ = {
			isa = PBXVariantGroup;
			children = (
				77BB576B1B5402A70060E181 /* ru */,
				770D6AEB1B5D0841000B16DA /* Base */,
				770D6AF01B5D0F69000B16DA /* en */,
			);
			name = Main.storyboard;
			sourceTree = "<group>";
		};
		77BB57461B53F87C0060E181 /* LaunchScreen.storyboard */ = {
			isa = PBXVariantGroup;
			children = (
				77BB576C1B5402A70060E181 /* ru */,
				770D6AEC1B5D0845000B16DA /* Base */,
				770D6AF11B5D0F69000B16DA /* en */,
			);
			name = LaunchScreen.storyboard;
			sourceTree = "<group>";
		};
/* End PBXVariantGroup section */

/* Begin XCBuildConfiguration section */
		77BB57601B53F87D0060E181 /* Debug */ = {
			isa = XCBuildConfiguration;
			buildSettings = {
				ALWAYS_SEARCH_USER_PATHS = NO;
				CLANG_CXX_LANGUAGE_STANDARD = "gnu++0x";
				CLANG_CXX_LIBRARY = "libc++";
				CLANG_ENABLE_MODULES = YES;
				CLANG_ENABLE_OBJC_ARC = YES;
				CLANG_WARN_BOOL_CONVERSION = YES;
				CLANG_WARN_CONSTANT_CONVERSION = YES;
				CLANG_WARN_DIRECT_OBJC_ISA_USAGE = YES_ERROR;
				CLANG_WARN_EMPTY_BODY = YES;
				CLANG_WARN_ENUM_CONVERSION = YES;
				CLANG_WARN_INT_CONVERSION = YES;
				CLANG_WARN_OBJC_ROOT_CLASS = YES_ERROR;
				CLANG_WARN_UNREACHABLE_CODE = YES;
				CLANG_WARN__DUPLICATE_METHOD_MATCH = YES;
				"CODE_SIGN_IDENTITY[sdk=iphoneos*]" = "iPhone Developer";
				COPY_PHASE_STRIP = NO;
				DEBUG_INFORMATION_FORMAT = dwarf;
				ENABLE_BITCODE = YES;
				ENABLE_STRICT_OBJC_MSGSEND = YES;
				ENABLE_TESTABILITY = YES;
				GCC_C_LANGUAGE_STANDARD = gnu99;
				GCC_DYNAMIC_NO_PIC = NO;
				GCC_NO_COMMON_BLOCKS = YES;
				GCC_OPTIMIZATION_LEVEL = 0;
				GCC_PREPROCESSOR_DEFINITIONS = (
					"DEBUG=1",
					"$(inherited)",
				);
				GCC_WARN_64_TO_32_BIT_CONVERSION = YES;
				GCC_WARN_ABOUT_RETURN_TYPE = YES_ERROR;
				GCC_WARN_UNDECLARED_SELECTOR = YES;
				GCC_WARN_UNINITIALIZED_AUTOS = YES_AGGRESSIVE;
				GCC_WARN_UNUSED_FUNCTION = YES;
				GCC_WARN_UNUSED_VARIABLE = YES;
				IPHONEOS_DEPLOYMENT_TARGET = 7.0;
				MTL_ENABLE_DEBUG_INFO = YES;
				ONLY_ACTIVE_ARCH = YES;
				SDKROOT = iphoneos;
				TARGETED_DEVICE_FAMILY = "1,2";
			};
			name = Debug;
		};
		77BB57611B53F87D0060E181 /* Release */ = {
			isa = XCBuildConfiguration;
			buildSettings = {
				ALWAYS_SEARCH_USER_PATHS = NO;
				CLANG_CXX_LANGUAGE_STANDARD = "gnu++0x";
				CLANG_CXX_LIBRARY = "libc++";
				CLANG_ENABLE_MODULES = YES;
				CLANG_ENABLE_OBJC_ARC = YES;
				CLANG_WARN_BOOL_CONVERSION = YES;
				CLANG_WARN_CONSTANT_CONVERSION = YES;
				CLANG_WARN_DIRECT_OBJC_ISA_USAGE = YES_ERROR;
				CLANG_WARN_EMPTY_BODY = YES;
				CLANG_WARN_ENUM_CONVERSION = YES;
				CLANG_WARN_INT_CONVERSION = YES;
				CLANG_WARN_OBJC_ROOT_CLASS = YES_ERROR;
				CLANG_WARN_UNREACHABLE_CODE = YES;
				CLANG_WARN__DUPLICATE_METHOD_MATCH = YES;
				"CODE_SIGN_IDENTITY[sdk=iphoneos*]" = "iPhone Developer";
				COPY_PHASE_STRIP = NO;
				DEBUG_INFORMATION_FORMAT = "dwarf-with-dsym";
				ENABLE_BITCODE = YES;
				ENABLE_NS_ASSERTIONS = NO;
				ENABLE_STRICT_OBJC_MSGSEND = YES;
				GCC_C_LANGUAGE_STANDARD = gnu99;
				GCC_NO_COMMON_BLOCKS = YES;
				GCC_WARN_64_TO_32_BIT_CONVERSION = YES;
				GCC_WARN_ABOUT_RETURN_TYPE = YES_ERROR;
				GCC_WARN_UNDECLARED_SELECTOR = YES;
				GCC_WARN_UNINITIALIZED_AUTOS = YES_AGGRESSIVE;
				GCC_WARN_UNUSED_FUNCTION = YES;
				GCC_WARN_UNUSED_VARIABLE = YES;
				IPHONEOS_DEPLOYMENT_TARGET = 7.0;
				MTL_ENABLE_DEBUG_INFO = NO;
				SDKROOT = iphoneos;
				TARGETED_DEVICE_FAMILY = "1,2";
				VALIDATE_PRODUCT = YES;
			};
			name = Release;
		};
		77BB57631B53F87D0060E181 /* Debug */ = {
			isa = XCBuildConfiguration;
			buildSettings = {
				ASSETCATALOG_COMPILER_APPICON_NAME = AppIcon;
				ASSETCATALOG_COMPILER_LAUNCHIMAGE_NAME = "Brand Assets";
				CODE_SIGN_IDENTITY = "iPhone Developer";
				"CODE_SIGN_IDENTITY[sdk=iphoneos*]" = "iPhone Developer";
				GCC_PRECOMPILE_PREFIX_HEADER = YES;
				GCC_PREFIX_HEADER = "TENCAR/tencar-Prefix.pch";
				INFOPLIST_FILE = TENCAR/Info.plist;
				IPHONEOS_DEPLOYMENT_TARGET = 7.0;
				LD_RUNPATH_SEARCH_PATHS = "$(inherited) @executable_path/Frameworks";
				PRODUCT_BUNDLE_IDENTIFIER = pro.ilab.tencar;
				PRODUCT_NAME = "$(TARGET_NAME)";
				PROVISIONING_PROFILE = "";
			};
			name = Debug;
		};
		77BB57641B53F87D0060E181 /* Release */ = {
			isa = XCBuildConfiguration;
			buildSettings = {
				ASSETCATALOG_COMPILER_APPICON_NAME = AppIcon;
				ASSETCATALOG_COMPILER_LAUNCHIMAGE_NAME = "Brand Assets";
				CODE_SIGN_IDENTITY = "iPhone Developer";
				"CODE_SIGN_IDENTITY[sdk=iphoneos*]" = "iPhone Developer";
				GCC_PRECOMPILE_PREFIX_HEADER = YES;
				GCC_PREFIX_HEADER = "TENCAR/tencar-Prefix.pch";
				INFOPLIST_FILE = TENCAR/Info.plist;
				IPHONEOS_DEPLOYMENT_TARGET = 7.0;
				LD_RUNPATH_SEARCH_PATHS = "$(inherited) @executable_path/Frameworks";
				PRODUCT_BUNDLE_IDENTIFIER = pro.ilab.tencar;
				PRODUCT_NAME = "$(TARGET_NAME)";
				PROVISIONING_PROFILE = "";
			};
			name = Release;
		};
		77BB57661B53F87D0060E181 /* Debug */ = {
			isa = XCBuildConfiguration;
			buildSettings = {
				BUNDLE_LOADER = "$(TEST_HOST)";
				INFOPLIST_FILE = TENCARTests/Info.plist;
				LD_RUNPATH_SEARCH_PATHS = "$(inherited) @executable_path/Frameworks @loader_path/Frameworks";
				PRODUCT_BUNDLE_IDENTIFIER = pro.ilab.TENCARTests;
				PRODUCT_NAME = "$(TARGET_NAME)";
				TEST_HOST = "$(BUILT_PRODUCTS_DIR)/TENCAR.app/TENCAR";
			};
			name = Debug;
		};
		77BB57671B53F87D0060E181 /* Release */ = {
			isa = XCBuildConfiguration;
			buildSettings = {
				BUNDLE_LOADER = "$(TEST_HOST)";
				INFOPLIST_FILE = TENCARTests/Info.plist;
				LD_RUNPATH_SEARCH_PATHS = "$(inherited) @executable_path/Frameworks @loader_path/Frameworks";
				PRODUCT_BUNDLE_IDENTIFIER = pro.ilab.TENCARTests;
				PRODUCT_NAME = "$(TARGET_NAME)";
				TEST_HOST = "$(BUILT_PRODUCTS_DIR)/TENCAR.app/TENCAR";
			};
			name = Release;
		};
		77BB57691B53F87D0060E181 /* Debug */ = {
			isa = XCBuildConfiguration;
			buildSettings = {
				INFOPLIST_FILE = TENCARUITests/Info.plist;
				LD_RUNPATH_SEARCH_PATHS = "$(inherited) @executable_path/Frameworks @loader_path/Frameworks";
				PRODUCT_BUNDLE_IDENTIFIER = pro.ilab.TENCARUITests;
				PRODUCT_NAME = "$(TARGET_NAME)";
				TEST_TARGET_NAME = TENCAR;
				USES_XCTRUNNER = YES;
			};
			name = Debug;
		};
		77BB576A1B53F87D0060E181 /* Release */ = {
			isa = XCBuildConfiguration;
			buildSettings = {
				INFOPLIST_FILE = TENCARUITests/Info.plist;
				LD_RUNPATH_SEARCH_PATHS = "$(inherited) @executable_path/Frameworks @loader_path/Frameworks";
				PRODUCT_BUNDLE_IDENTIFIER = pro.ilab.TENCARUITests;
				PRODUCT_NAME = "$(TARGET_NAME)";
				TEST_TARGET_NAME = TENCAR;
				USES_XCTRUNNER = YES;
			};
			name = Release;
		};
/* End XCBuildConfiguration section */

/* Begin XCConfigurationList section */
		77BB572D1B53F87C0060E181 /* Build configuration list for PBXProject "TENCAR" */ = {
			isa = XCConfigurationList;
			buildConfigurations = (
				77BB57601B53F87D0060E181 /* Debug */,
				77BB57611B53F87D0060E181 /* Release */,
			);
			defaultConfigurationIsVisible = 0;
			defaultConfigurationName = Release;
		};
		77BB57621B53F87D0060E181 /* Build configuration list for PBXNativeTarget "TENCAR" */ = {
			isa = XCConfigurationList;
			buildConfigurations = (
				77BB57631B53F87D0060E181 /* Debug */,
				77BB57641B53F87D0060E181 /* Release */,
			);
			defaultConfigurationIsVisible = 0;
			defaultConfigurationName = Release;
		};
		77BB57651B53F87D0060E181 /* Build configuration list for PBXNativeTarget "TENCARTests" */ = {
			isa = XCConfigurationList;
			buildConfigurations = (
				77BB57661B53F87D0060E181 /* Debug */,
				77BB57671B53F87D0060E181 /* Release */,
			);
			defaultConfigurationIsVisible = 0;
			defaultConfigurationName = Release;
		};
		77BB57681B53F87D0060E181 /* Build configuration list for PBXNativeTarget "TENCARUITests" */ = {
			isa = XCConfigurationList;
			buildConfigurations = (
				77BB57691B53F87D0060E181 /* Debug */,
				77BB576A1B53F87D0060E181 /* Release */,
			);
			defaultConfigurationIsVisible = 0;
			defaultConfigurationName = Release;
		};
/* End XCConfigurationList section */

/* Begin XCVersionGroup section */
		77BB57411B53F87C0060E181 /* TENCAR.xcdatamodeld */ = {
			isa = XCVersionGroup;
			children = (
				77BB57421B53F87C0060E181 /* TENCAR.xcdatamodel */,
			);
			currentVersion = 77BB57421B53F87C0060E181 /* TENCAR.xcdatamodel */;
			path = TENCAR.xcdatamodeld;
			sourceTree = "<group>";
			versionGroupType = wrapper.xcdatamodel;
		};
/* End XCVersionGroup section */
	};
	rootObject = 77BB572A1B53F87C0060E181 /* Project object */;
}
